
Microsoft Visual Studio Solution File, Format Version 12.00
# Visual Studio Version 17
VisualStudioVersion = 17.8.34330.188
MinimumVisualStudioVersion = 10.0.40219.1
Project("{FAE04EC0-301F-11D3-BF4B-00C04F79EFBC}") = "Week14OOP", "Week14OOP\Week14OOP.csproj", "{525281C9-B206-4032-A55C-69E3B1D30A2E}"
EndProject
Global
	GlobalSection(SolutionConfigurationPlatforms) = preSolution
		Debug|Any CPU = Debug|Any CPU
		Release|Any CPU = Release|Any CPU
	EndGlobalSection
	GlobalSection(ProjectConfigurationPlatforms) = postSolution
		{525281C9-B206-4032-A55C-69E3B1D30A2E}.Debug|Any CPU.ActiveCfg = Debug|Any CPU
		{525281C9-B206-4032-A55C-69E3B1D30A2E}.Debug|Any CPU.Build.0 = Debug|Any CPU
		{525281C9-B206-4032-A55C-69E3B1D30A2E}.Release|Any CPU.ActiveCfg = Release|Any CPU
		{525281C9-B206-4032-A55C-69E3B1D30A2E}.Release|Any CPU.Build.0 = Release|Any CPU
	EndGlobalSection
	GlobalSection(SolutionProperties) = preSolution
		HideSolutionNode = FALSE
	EndGlobalSection
	GlobalSection(ExtensibilityGlobals) = postSolution
		SolutionGuid = {13FFE868-65B3-4E3B-B239-72F9F1180FCE}
	EndGlobalSection
EndGlobal
